
Microsoft Visual Studio Solution File, Format Version 12.00
# Visual Studio Version 17
VisualStudioVersion = 17.14.36518.9 d17.14
MinimumVisualStudioVersion = 10.0.40219.1
Project("{FAE04EC0-301F-11D3-BF4B-00C04F79EFBC}") = "UniversidadDB", "UniversidadDB\UniversidadDB.csproj", "{9895CDD6-7A07-43CF-BDCC-05EB9435E322}"
EndProject
Global
	GlobalSection(SolutionConfigurationPlatforms) = preSolution
		Debug|Any CPU = Debug|Any CPU
		Release|Any CPU = Release|Any CPU
	EndGlobalSection
	GlobalSection(ProjectConfigurationPlatforms) = postSolution
		{9895CDD6-7A07-43CF-BDCC-05EB9435E322}.Debug|Any CPU.ActiveCfg = Debug|Any CPU
		{9895CDD6-7A07-43CF-BDCC-05EB9435E322}.Debug|Any CPU.Build.0 = Debug|Any CPU
		{9895CDD6-7A07-43CF-BDCC-05EB9435E322}.Release|Any CPU.ActiveCfg = Release|Any CPU
		{9895CDD6-7A07-43CF-BDCC-05EB9435E322}.Release|Any CPU.Build.0 = Release|Any CPU
	EndGlobalSection
	GlobalSection(SolutionProperties) = preSolution
		HideSolutionNode = FALSE
	EndGlobalSection
	GlobalSection(ExtensibilityGlobals) = postSolution
		SolutionGuid = {2D4E78C2-ED2A-4BC9-A4EB-39A2B0157A96}
	EndGlobalSection
EndGlobal
